// !$*UTF8*$!
{
	archiveVersion = 1;
	classes = {
	};
	objectVersion = 50;
	objects = {

/* Begin PBXBuildFile section */
		2A11378C23A704390097B8AA /* UIView+Extensions.swift in Sources */ = {isa = PBXBuildFile; fileRef = 2A11378B23A704390097B8AA /* UIView+Extensions.swift */; };
		2A11378F23A7AC300097B8AA /* ExperienceCell.swift in Sources */ = {isa = PBXBuildFile; fileRef = 2A11378D23A7AC300097B8AA /* ExperienceCell.swift */; };
		2A11379023A7AC300097B8AA /* ExperienceCell.xib in Resources */ = {isa = PBXBuildFile; fileRef = 2A11378E23A7AC300097B8AA /* ExperienceCell.xib */; };
		2A11379423A7AC990097B8AA /* SectionHeaderReusableView.swift in Sources */ = {isa = PBXBuildFile; fileRef = 2A11379223A7AC990097B8AA /* SectionHeaderReusableView.swift */; };
		2A11379523A7AC990097B8AA /* SectionHeaderReusableView.xib in Resources */ = {isa = PBXBuildFile; fileRef = 2A11379323A7AC990097B8AA /* SectionHeaderReusableView.xib */; };
		2A11379B23A7ADF70097B8AA /* ExperienceViewController.swift in Sources */ = {isa = PBXBuildFile; fileRef = 2A11379923A7ADF70097B8AA /* ExperienceViewController.swift */; };
		2A2EC2C423AED4B8006378C3 /* iOSProjectsViewController.swift in Sources */ = {isa = PBXBuildFile; fileRef = 2A2EC2C223AED4B8006378C3 /* iOSProjectsViewController.swift */; };
		2A368ECE23AF1C8800D2FB47 /* EducationViewController.swift in Sources */ = {isa = PBXBuildFile; fileRef = 2A368ECD23AF1C8800D2FB47 /* EducationViewController.swift */; };
		2A368ED223AF1CD900D2FB47 /* EducationCell.swift in Sources */ = {isa = PBXBuildFile; fileRef = 2A368ED023AF1CD900D2FB47 /* EducationCell.swift */; };
		2A368ED323AF1CD900D2FB47 /* EducationCell.xib in Resources */ = {isa = PBXBuildFile; fileRef = 2A368ED123AF1CD900D2FB47 /* EducationCell.xib */; };
		2A368ED523AF60B300D2FB47 /* TrainingViewContoller.swift in Sources */ = {isa = PBXBuildFile; fileRef = 2A368ED423AF60B300D2FB47 /* TrainingViewContoller.swift */; };
		2A368ED723B0472600D2FB47 /* DetailViewController.swift in Sources */ = {isa = PBXBuildFile; fileRef = 2A368ED623B0472600D2FB47 /* DetailViewController.swift */; };
		2A5B173023AE349100671EB8 /* iOSProjectCell.swift in Sources */ = {isa = PBXBuildFile; fileRef = 2A5B172E23AE349100671EB8 /* iOSProjectCell.swift */; };
		2A5B173123AE349100671EB8 /* iOSProjectCell.xib in Resources */ = {isa = PBXBuildFile; fileRef = 2A5B172F23AE349100671EB8 /* iOSProjectCell.xib */; };
		2A6740B723A390A400685D1E /* profile_image.png in Resources */ = {isa = PBXBuildFile; fileRef = 2A6740B623A390A400685D1E /* profile_image.png */; };
		2A75972C249892F800AFC403 /* Resume.xcdatamodeld in Sources */ = {isa = PBXBuildFile; fileRef = 2A75972A249892F800AFC403 /* Resume.xcdatamodeld */; };
		2A7597302498D8DF00AFC403 /* Resume+Extensions.swift in Sources */ = {isa = PBXBuildFile; fileRef = 2A75972F2498D8DF00AFC403 /* Resume+Extensions.swift */; };
		2AA4527023A5AA2C00A30E9F /* ResumeViewController+Extensions.swift in Sources */ = {isa = PBXBuildFile; fileRef = 2AA4526F23A5AA2C00A30E9F /* ResumeViewController+Extensions.swift */; };
		2AA4527423A5B28100A30E9F /* Enums.swift in Sources */ = {isa = PBXBuildFile; fileRef = 2AA4527323A5B28100A30E9F /* Enums.swift */; };
		2AA6F59D239DF1F200DF0FE4 /* AppDelegate.swift in Sources */ = {isa = PBXBuildFile; fileRef = 2AA6F59C239DF1F200DF0FE4 /* AppDelegate.swift */; };
		2AA6F59F239DF1F200DF0FE4 /* SceneDelegate.swift in Sources */ = {isa = PBXBuildFile; fileRef = 2AA6F59E239DF1F200DF0FE4 /* SceneDelegate.swift */; };
		2AA6F5A1239DF1F200DF0FE4 /* ResumeViewController.swift in Sources */ = {isa = PBXBuildFile; fileRef = 2AA6F5A0239DF1F200DF0FE4 /* ResumeViewController.swift */; };
		2AA6F5A4239DF1F200DF0FE4 /* Main.storyboard in Resources */ = {isa = PBXBuildFile; fileRef = 2AA6F5A2239DF1F200DF0FE4 /* Main.storyboard */; };
		2AA6F5A6239DF1F400DF0FE4 /* Assets.xcassets in Resources */ = {isa = PBXBuildFile; fileRef = 2AA6F5A5239DF1F400DF0FE4 /* Assets.xcassets */; };
		2AA6F5A9239DF1F400DF0FE4 /* LaunchScreen.storyboard in Resources */ = {isa = PBXBuildFile; fileRef = 2AA6F5A7239DF1F400DF0FE4 /* LaunchScreen.storyboard */; };
		2AAA39352499989F004FF6C7 /* ResumeResponse.swift in Sources */ = {isa = PBXBuildFile; fileRef = 2AAA39342499989F004FF6C7 /* ResumeResponse.swift */; };
		2AAF875723A1BC6000043F01 /* ResumeController.swift in Sources */ = {isa = PBXBuildFile; fileRef = 2AAF875623A1BC6000043F01 /* ResumeController.swift */; };
		2ABAF76E23B207CF000C437F /* appIcon.png in Resources */ = {isa = PBXBuildFile; fileRef = 2ABAF76B23B207CF000C437F /* appIcon.png */; };
		2AC3BCCF23A4A87A0097073C /* String+Extensions.swift in Sources */ = {isa = PBXBuildFile; fileRef = 2AC3BCCE23A4A87A0097073C /* String+Extensions.swift */; };
		2ACAA0CA249DB56E0008D08C /* UIViewController+Extensions.swift in Sources */ = {isa = PBXBuildFile; fileRef = 2ACAA0C9249DB56E0008D08C /* UIViewController+Extensions.swift */; };
/* End PBXBuildFile section */

/* Begin PBXFileReference section */
		2A11378B23A704390097B8AA /* UIView+Extensions.swift */ = {isa = PBXFileReference; lastKnownFileType = sourcecode.swift; path = "UIView+Extensions.swift"; sourceTree = "<group>"; };
		2A11378D23A7AC300097B8AA /* ExperienceCell.swift */ = {isa = PBXFileReference; lastKnownFileType = sourcecode.swift; path = ExperienceCell.swift; sourceTree = "<group>"; };
		2A11378E23A7AC300097B8AA /* ExperienceCell.xib */ = {isa = PBXFileReference; lastKnownFileType = file.xib; path = ExperienceCell.xib; sourceTree = "<group>"; };
		2A11379223A7AC990097B8AA /* SectionHeaderReusableView.swift */ = {isa = PBXFileReference; lastKnownFileType = sourcecode.swift; path = SectionHeaderReusableView.swift; sourceTree = "<group>"; };
		2A11379323A7AC990097B8AA /* SectionHeaderReusableView.xib */ = {isa = PBXFileReference; lastKnownFileType = file.xib; path = SectionHeaderReusableView.xib; sourceTree = "<group>"; };
		2A11379923A7ADF70097B8AA /* ExperienceViewController.swift */ = {isa = PBXFileReference; lastKnownFileType = sourcecode.swift; path = ExperienceViewController.swift; sourceTree = "<group>"; };
		2A2EC2C223AED4B8006378C3 /* iOSProjectsViewController.swift */ = {isa = PBXFileReference; lastKnownFileType = sourcecode.swift; path = iOSProjectsViewController.swift; sourceTree = "<group>"; };
		2A368ECD23AF1C8800D2FB47 /* EducationViewController.swift */ = {isa = PBXFileReference; lastKnownFileType = sourcecode.swift; path = EducationViewController.swift; sourceTree = "<group>"; };
		2A368ED023AF1CD900D2FB47 /* EducationCell.swift */ = {isa = PBXFileReference; lastKnownFileType = sourcecode.swift; path = EducationCell.swift; sourceTree = "<group>"; };
		2A368ED123AF1CD900D2FB47 /* EducationCell.xib */ = {isa = PBXFileReference; lastKnownFileType = file.xib; path = EducationCell.xib; sourceTree = "<group>"; };
		2A368ED423AF60B300D2FB47 /* TrainingViewContoller.swift */ = {isa = PBXFileReference; lastKnownFileType = sourcecode.swift; path = TrainingViewContoller.swift; sourceTree = "<group>"; };
		2A368ED623B0472600D2FB47 /* DetailViewController.swift */ = {isa = PBXFileReference; lastKnownFileType = sourcecode.swift; path = DetailViewController.swift; sourceTree = "<group>"; };
		2A5B172E23AE349100671EB8 /* iOSProjectCell.swift */ = {isa = PBXFileReference; lastKnownFileType = sourcecode.swift; path = iOSProjectCell.swift; sourceTree = "<group>"; };
		2A5B172F23AE349100671EB8 /* iOSProjectCell.xib */ = {isa = PBXFileReference; lastKnownFileType = file.xib; path = iOSProjectCell.xib; sourceTree = "<group>"; };
		2A6740B623A390A400685D1E /* profile_image.png */ = {isa = PBXFileReference; lastKnownFileType = image.png; path = profile_image.png; sourceTree = "<group>"; };
		2A75972B249892F800AFC403 /* Resume.xcdatamodel */ = {isa = PBXFileReference; lastKnownFileType = wrapper.xcdatamodel; path = Resume.xcdatamodel; sourceTree = "<group>"; };
		2A75972F2498D8DF00AFC403 /* Resume+Extensions.swift */ = {isa = PBXFileReference; lastKnownFileType = sourcecode.swift; path = "Resume+Extensions.swift"; sourceTree = "<group>"; };
		2AA4526F23A5AA2C00A30E9F /* ResumeViewController+Extensions.swift */ = {isa = PBXFileReference; lastKnownFileType = sourcecode.swift; path = "ResumeViewController+Extensions.swift"; sourceTree = "<group>"; };
		2AA4527323A5B28100A30E9F /* Enums.swift */ = {isa = PBXFileReference; lastKnownFileType = sourcecode.swift; path = Enums.swift; sourceTree = "<group>"; };
		2AA6F599239DF1F200DF0FE4 /* My Resume.app */ = {isa = PBXFileReference; explicitFileType = wrapper.application; includeInIndex = 0; path = "My Resume.app"; sourceTree = BUILT_PRODUCTS_DIR; };
		2AA6F59C239DF1F200DF0FE4 /* AppDelegate.swift */ = {isa = PBXFileReference; lastKnownFileType = sourcecode.swift; path = AppDelegate.swift; sourceTree = "<group>"; };
		2AA6F59E239DF1F200DF0FE4 /* SceneDelegate.swift */ = {isa = PBXFileReference; lastKnownFileType = sourcecode.swift; path = SceneDelegate.swift; sourceTree = "<group>"; };
		2AA6F5A0239DF1F200DF0FE4 /* ResumeViewController.swift */ = {isa = PBXFileReference; lastKnownFileType = sourcecode.swift; path = ResumeViewController.swift; sourceTree = "<group>"; };
		2AA6F5A3239DF1F200DF0FE4 /* Base */ = {isa = PBXFileReference; lastKnownFileType = file.storyboard; name = Base; path = Base.lproj/Main.storyboard; sourceTree = "<group>"; };
		2AA6F5A5239DF1F400DF0FE4 /* Assets.xcassets */ = {isa = PBXFileReference; lastKnownFileType = folder.assetcatalog; path = Assets.xcassets; sourceTree = "<group>"; };
		2AA6F5A8239DF1F400DF0FE4 /* Base */ = {isa = PBXFileReference; lastKnownFileType = file.storyboard; name = Base; path = Base.lproj/LaunchScreen.storyboard; sourceTree = "<group>"; };
		2AA6F5AA239DF1F400DF0FE4 /* Info.plist */ = {isa = PBXFileReference; lastKnownFileType = text.plist.xml; path = Info.plist; sourceTree = "<group>"; };
		2AAA39342499989F004FF6C7 /* ResumeResponse.swift */ = {isa = PBXFileReference; lastKnownFileType = sourcecode.swift; path = ResumeResponse.swift; sourceTree = "<group>"; };
		2AAF875623A1BC6000043F01 /* ResumeController.swift */ = {isa = PBXFileReference; lastKnownFileType = sourcecode.swift; path = ResumeController.swift; sourceTree = "<group>"; };
		2ABAF76B23B207CF000C437F /* appIcon.png */ = {isa = PBXFileReference; lastKnownFileType = image.png; path = appIcon.png; sourceTree = "<group>"; };
		2AC3BCCE23A4A87A0097073C /* String+Extensions.swift */ = {isa = PBXFileReference; lastKnownFileType = sourcecode.swift; path = "String+Extensions.swift"; sourceTree = "<group>"; };
		2ACAA0C9249DB56E0008D08C /* UIViewController+Extensions.swift */ = {isa = PBXFileReference; lastKnownFileType = sourcecode.swift; path = "UIViewController+Extensions.swift"; sourceTree = "<group>"; };
/* End PBXFileReference section */

/* Begin PBXFrameworksBuildPhase section */
		2AA6F596239DF1F200DF0FE4 /* Frameworks */ = {
			isa = PBXFrameworksBuildPhase;
			buildActionMask = 2147483647;
			files = (
			);
			runOnlyForDeploymentPostprocessing = 0;
		};
/* End PBXFrameworksBuildPhase section */

/* Begin PBXGroup section */
		2A11379123A7AC380097B8AA /* Cells */ = {
			isa = PBXGroup;
			children = (
				2A11379823A7ACC60097B8AA /* Experience */,
				2A5B172D23AE343400671EB8 /* iOS Projects */,
				2A368ECF23AF1C9400D2FB47 /* Education & Training */,
			);
			path = Cells;
			sourceTree = "<group>";
		};
		2A11379723A7ACBB0097B8AA /* Sections */ = {
			isa = PBXGroup;
			children = (
				2A75970424985DD900AFC403 /* Headers */,
			);
			path = Sections;
			sourceTree = "<group>";
		};
		2A11379823A7ACC60097B8AA /* Experience */ = {
			isa = PBXGroup;
			children = (
				2A11378D23A7AC300097B8AA /* ExperienceCell.swift */,
				2A11378E23A7AC300097B8AA /* ExperienceCell.xib */,
			);
			path = Experience;
			sourceTree = "<group>";
		};
		2A368ECF23AF1C9400D2FB47 /* Education & Training */ = {
			isa = PBXGroup;
			children = (
				2A368ED023AF1CD900D2FB47 /* EducationCell.swift */,
				2A368ED123AF1CD900D2FB47 /* EducationCell.xib */,
			);
			path = "Education & Training";
			sourceTree = "<group>";
		};
		2A5B172D23AE343400671EB8 /* iOS Projects */ = {
			isa = PBXGroup;
			children = (
				2A5B172E23AE349100671EB8 /* iOSProjectCell.swift */,
				2A5B172F23AE349100671EB8 /* iOSProjectCell.xib */,
			);
			path = "iOS Projects";
			sourceTree = "<group>";
		};
		2A7596FB2498568E00AFC403 /* Support Files */ = {
			isa = PBXGroup;
			children = (
				2AA6F59C239DF1F200DF0FE4 /* AppDelegate.swift */,
				2AA6F59E239DF1F200DF0FE4 /* SceneDelegate.swift */,
			);
			path = "Support Files";
			sourceTree = "<group>";
		};
		2A7596FC249856A600AFC403 /* Controllers */ = {
			isa = PBXGroup;
			children = (
				2AA6F5A0239DF1F200DF0FE4 /* ResumeViewController.swift */,
				2AAA393C249CCCDE004FF6C7 /* UICollectionViewControllers */,
				2A368ED623B0472600D2FB47 /* DetailViewController.swift */,
				2A7597012498581200AFC403 /* Extensions */,
			);
			path = Controllers;
			sourceTree = "<group>";
		};
		2A7596FD249856B000AFC403 /* Model */ = {
			isa = PBXGroup;
			children = (
				2A759728249892B300AFC403 /* ResumeResponse */,
				2A7597322498DBA500AFC403 /* Constants+Enums */,
				2A759729249892C300AFC403 /* Data Persistence */,
				2A7597032498590800AFC403 /* Extensions */,
			);
			path = Model;
			sourceTree = "<group>";
		};
		2A7596FE249856B600AFC403 /* Views */ = {
			isa = PBXGroup;
			children = (
				2A11379723A7ACBB0097B8AA /* Sections */,
				2A11379123A7AC380097B8AA /* Cells */,
				2A7597002498570A00AFC403 /* Storyboards */,
				2A7597022498584400AFC403 /* Extensions */,
			);
			path = Views;
			sourceTree = "<group>";
		};
		2A7596FF249856F500AFC403 /* Assets */ = {
			isa = PBXGroup;
			children = (
				2AA6F5A5239DF1F400DF0FE4 /* Assets.xcassets */,
				2ABAF75423B1DA45000C437F /* Images */,
			);
			path = Assets;
			sourceTree = "<group>";
		};
		2A7597002498570A00AFC403 /* Storyboards */ = {
			isa = PBXGroup;
			children = (
				2AA6F5A2239DF1F200DF0FE4 /* Main.storyboard */,
				2AA6F5A7239DF1F400DF0FE4 /* LaunchScreen.storyboard */,
			);
			path = Storyboards;
			sourceTree = "<group>";
		};
		2A7597012498581200AFC403 /* Extensions */ = {
			isa = PBXGroup;
			children = (
				2AA4526F23A5AA2C00A30E9F /* ResumeViewController+Extensions.swift */,
				2ACAA0C9249DB56E0008D08C /* UIViewController+Extensions.swift */,
			);
			path = Extensions;
			sourceTree = "<group>";
		};
		2A7597022498584400AFC403 /* Extensions */ = {
			isa = PBXGroup;
			children = (
				2A11378B23A704390097B8AA /* UIView+Extensions.swift */,
			);
			path = Extensions;
			sourceTree = "<group>";
		};
		2A7597032498590800AFC403 /* Extensions */ = {
			isa = PBXGroup;
			children = (
				2AC3BCCE23A4A87A0097073C /* String+Extensions.swift */,
			);
			path = Extensions;
			sourceTree = "<group>";
		};
		2A75970424985DD900AFC403 /* Headers */ = {
			isa = PBXGroup;
			children = (
				2A11379223A7AC990097B8AA /* SectionHeaderReusableView.swift */,
				2A11379323A7AC990097B8AA /* SectionHeaderReusableView.xib */,
			);
			path = Headers;
			sourceTree = "<group>";
		};
		2A759728249892B300AFC403 /* ResumeResponse */ = {
			isa = PBXGroup;
			children = (
				2AAF875623A1BC6000043F01 /* ResumeController.swift */,
				2AAA39342499989F004FF6C7 /* ResumeResponse.swift */,
			);
			path = ResumeResponse;
			sourceTree = "<group>";
		};
		2A759729249892C300AFC403 /* Data Persistence */ = {
			isa = PBXGroup;
			children = (
				2A75972A249892F800AFC403 /* Resume.xcdatamodeld */,
				2A7597312498DB2600AFC403 /* NSManaged Object Extensions */,
			);
			path = "Data Persistence";
			sourceTree = "<group>";
		};
		2A7597312498DB2600AFC403 /* NSManaged Object Extensions */ = {
			isa = PBXGroup;
			children = (
				2A75972F2498D8DF00AFC403 /* Resume+Extensions.swift */,
			);
			path = "NSManaged Object Extensions";
			sourceTree = "<group>";
		};
		2A7597322498DBA500AFC403 /* Constants+Enums */ = {
			isa = PBXGroup;
			children = (
				2AA4527323A5B28100A30E9F /* Enums.swift */,
			);
			path = "Constants+Enums";
			sourceTree = "<group>";
		};
		2AA6F590239DF1F200DF0FE4 = {
			isa = PBXGroup;
			children = (
				2AA6F59B239DF1F200DF0FE4 /* MyResume */,
				2AA6F59A239DF1F200DF0FE4 /* Products */,
			);
			sourceTree = "<group>";
		};
		2AA6F59A239DF1F200DF0FE4 /* Products */ = {
			isa = PBXGroup;
			children = (
				2AA6F599239DF1F200DF0FE4 /* My Resume.app */,
			);
			name = Products;
			sourceTree = "<group>";
		};
		2AA6F59B239DF1F200DF0FE4 /* MyResume */ = {
			isa = PBXGroup;
			children = (
				2AA6F5AA239DF1F400DF0FE4 /* Info.plist */,
				2A7596FB2498568E00AFC403 /* Support Files */,
				2A7596FD249856B000AFC403 /* Model */,
				2A7596FE249856B600AFC403 /* Views */,
				2A7596FC249856A600AFC403 /* Controllers */,
				2A7596FF249856F500AFC403 /* Assets */,
			);
			path = MyResume;
			sourceTree = "<group>";
		};
		2AAA393C249CCCDE004FF6C7 /* UICollectionViewControllers */ = {
			isa = PBXGroup;
			children = (
				2A11379923A7ADF70097B8AA /* ExperienceViewController.swift */,
				2A2EC2C223AED4B8006378C3 /* iOSProjectsViewController.swift */,
				2A368ECD23AF1C8800D2FB47 /* EducationViewController.swift */,
				2A368ED423AF60B300D2FB47 /* TrainingViewContoller.swift */,
			);
			path = UICollectionViewControllers;
			sourceTree = "<group>";
		};
		2ABAF75423B1DA45000C437F /* Images */ = {
			isa = PBXGroup;
			children = (
				2A6740B623A390A400685D1E /* profile_image.png */,
				2ABAF76B23B207CF000C437F /* appIcon.png */,
			);
			path = Images;
			sourceTree = "<group>";
		};
/* End PBXGroup section */

/* Begin PBXNativeTarget section */
		2AA6F598239DF1F200DF0FE4 /* MyResume */ = {
			isa = PBXNativeTarget;
			buildConfigurationList = 2AA6F5AD239DF1F400DF0FE4 /* Build configuration list for PBXNativeTarget "MyResume" */;
			buildPhases = (
				2AA6F595239DF1F200DF0FE4 /* Sources */,
				2AA6F596239DF1F200DF0FE4 /* Frameworks */,
				2AA6F597239DF1F200DF0FE4 /* Resources */,
			);
			buildRules = (
			);
			dependencies = (
			);
			name = MyResume;
			productName = SimonItaliaResume;
			productReference = 2AA6F599239DF1F200DF0FE4 /* My Resume.app */;
			productType = "com.apple.product-type.application";
		};
/* End PBXNativeTarget section */

/* Begin PBXProject section */
		2AA6F591239DF1F200DF0FE4 /* Project object */ = {
			isa = PBXProject;
			attributes = {
				LastSwiftUpdateCheck = 1120;
				LastUpgradeCheck = 1120;
				ORGANIZATIONNAME = "SDI Group Inc.";
				TargetAttributes = {
					2AA6F598239DF1F200DF0FE4 = {
						CreatedOnToolsVersion = 11.2.1;
					};
				};
			};
			buildConfigurationList = 2AA6F594239DF1F200DF0FE4 /* Build configuration list for PBXProject "MyResume" */;
			compatibilityVersion = "Xcode 9.3";
			developmentRegion = en;
			hasScannedForEncodings = 0;
			knownRegions = (
				en,
				Base,
			);
			mainGroup = 2AA6F590239DF1F200DF0FE4;
			productRefGroup = 2AA6F59A239DF1F200DF0FE4 /* Products */;
			projectDirPath = "";
			projectRoot = "";
			targets = (
				2AA6F598239DF1F200DF0FE4 /* MyResume */,
			);
		};
/* End PBXProject section */

/* Begin PBXResourcesBuildPhase section */
		2AA6F597239DF1F200DF0FE4 /* Resources */ = {
			isa = PBXResourcesBuildPhase;
			buildActionMask = 2147483647;
			files = (
				2AA6F5A9239DF1F400DF0FE4 /* LaunchScreen.storyboard in Resources */,
				2AA6F5A6239DF1F400DF0FE4 /* Assets.xcassets in Resources */,
				2A5B173123AE349100671EB8 /* iOSProjectCell.xib in Resources */,
				2A368ED323AF1CD900D2FB47 /* EducationCell.xib in Resources */,
				2AA6F5A4239DF1F200DF0FE4 /* Main.storyboard in Resources */,
				2ABAF76E23B207CF000C437F /* appIcon.png in Resources */,
				2A6740B723A390A400685D1E /* profile_image.png in Resources */,
				2A11379023A7AC300097B8AA /* ExperienceCell.xib in Resources */,
				2A11379523A7AC990097B8AA /* SectionHeaderReusableView.xib in Resources */,
			);
			runOnlyForDeploymentPostprocessing = 0;
		};
/* End PBXResourcesBuildPhase section */

/* Begin PBXSourcesBuildPhase section */
		2AA6F595239DF1F200DF0FE4 /* Sources */ = {
			isa = PBXSourcesBuildPhase;
			buildActionMask = 2147483647;
			files = (
				2A75972C249892F800AFC403 /* Resume.xcdatamodeld in Sources */,
				2A11378F23A7AC300097B8AA /* ExperienceCell.swift in Sources */,
				2AA6F5A1239DF1F200DF0FE4 /* ResumeViewController.swift in Sources */,
				2A2EC2C423AED4B8006378C3 /* iOSProjectsViewController.swift in Sources */,
				2A368ED723B0472600D2FB47 /* DetailViewController.swift in Sources */,
				2ACAA0CA249DB56E0008D08C /* UIViewController+Extensions.swift in Sources */,
				2A7597302498D8DF00AFC403 /* Resume+Extensions.swift in Sources */,
				2AA4527423A5B28100A30E9F /* Enums.swift in Sources */,
				2A11379B23A7ADF70097B8AA /* ExperienceViewController.swift in Sources */,
				2AAA39352499989F004FF6C7 /* ResumeResponse.swift in Sources */,
				2AA6F59D239DF1F200DF0FE4 /* AppDelegate.swift in Sources */,
				2A368ED223AF1CD900D2FB47 /* EducationCell.swift in Sources */,
				2A11379423A7AC990097B8AA /* SectionHeaderReusableView.swift in Sources */,
				2A368ED523AF60B300D2FB47 /* TrainingViewContoller.swift in Sources */,
				2A368ECE23AF1C8800D2FB47 /* EducationViewController.swift in Sources */,
				2AA6F59F239DF1F200DF0FE4 /* SceneDelegate.swift in Sources */,
				2A11378C23A704390097B8AA /* UIView+Extensions.swift in Sources */,
				2AA4527023A5AA2C00A30E9F /* ResumeViewController+Extensions.swift in Sources */,
				2AAF875723A1BC6000043F01 /* ResumeController.swift in Sources */,
				2AC3BCCF23A4A87A0097073C /* String+Extensions.swift in Sources */,
				2A5B173023AE349100671EB8 /* iOSProjectCell.swift in Sources */,
			);
			runOnlyForDeploymentPostprocessing = 0;
		};
/* End PBXSourcesBuildPhase section */

/* Begin PBXVariantGroup section */
		2AA6F5A2239DF1F200DF0FE4 /* Main.storyboard */ = {
			isa = PBXVariantGroup;
			children = (
				2AA6F5A3239DF1F200DF0FE4 /* Base */,
			);
			name = Main.storyboard;
			sourceTree = "<group>";
		};
		2AA6F5A7239DF1F400DF0FE4 /* LaunchScreen.storyboard */ = {
			isa = PBXVariantGroup;
			children = (
				2AA6F5A8239DF1F400DF0FE4 /* Base */,
			);
			name = LaunchScreen.storyboard;
			sourceTree = "<group>";
		};
/* End PBXVariantGroup section */

/* Begin XCBuildConfiguration section */
		2AA6F5AB239DF1F400DF0FE4 /* Debug */ = {
			isa = XCBuildConfiguration;
			buildSettings = {
				ALWAYS_SEARCH_USER_PATHS = NO;
				CLANG_ANALYZER_NONNULL = YES;
				CLANG_ANALYZER_NUMBER_OBJECT_CONVERSION = YES_AGGRESSIVE;
				CLANG_CXX_LANGUAGE_STANDARD = "gnu++14";
				CLANG_CXX_LIBRARY = "libc++";
				CLANG_ENABLE_MODULES = YES;
				CLANG_ENABLE_OBJC_ARC = YES;
				CLANG_ENABLE_OBJC_WEAK = YES;
				CLANG_WARN_BLOCK_CAPTURE_AUTORELEASING = YES;
				CLANG_WARN_BOOL_CONVERSION = YES;
				CLANG_WARN_COMMA = YES;
				CLANG_WARN_CONSTANT_CONVERSION = YES;
				CLANG_WARN_DEPRECATED_OBJC_IMPLEMENTATIONS = YES;
				CLANG_WARN_DIRECT_OBJC_ISA_USAGE = YES_ERROR;
				CLANG_WARN_DOCUMENTATION_COMMENTS = YES;
				CLANG_WARN_EMPTY_BODY = YES;
				CLANG_WARN_ENUM_CONVERSION = YES;
				CLANG_WARN_INFINITE_RECURSION = YES;
				CLANG_WARN_INT_CONVERSION = YES;
				CLANG_WARN_NON_LITERAL_NULL_CONVERSION = YES;
				CLANG_WARN_OBJC_IMPLICIT_RETAIN_SELF = YES;
				CLANG_WARN_OBJC_LITERAL_CONVERSION = YES;
				CLANG_WARN_OBJC_ROOT_CLASS = YES_ERROR;
				CLANG_WARN_RANGE_LOOP_ANALYSIS = YES;
				CLANG_WARN_STRICT_PROTOTYPES = YES;
				CLANG_WARN_SUSPICIOUS_MOVE = YES;
				CLANG_WARN_UNGUARDED_AVAILABILITY = YES_AGGRESSIVE;
				CLANG_WARN_UNREACHABLE_CODE = YES;
				CLANG_WARN__DUPLICATE_METHOD_MATCH = YES;
				COPY_PHASE_STRIP = NO;
				DEBUG_INFORMATION_FORMAT = dwarf;
				ENABLE_STRICT_OBJC_MSGSEND = YES;
				ENABLE_TESTABILITY = YES;
				GCC_C_LANGUAGE_STANDARD = gnu11;
				GCC_DYNAMIC_NO_PIC = NO;
				GCC_NO_COMMON_BLOCKS = YES;
				GCC_OPTIMIZATION_LEVEL = 0;
				GCC_PREPROCESSOR_DEFINITIONS = (
					"DEBUG=1",
					"$(inherited)",
				);
				GCC_WARN_64_TO_32_BIT_CONVERSION = YES;
				GCC_WARN_ABOUT_RETURN_TYPE = YES_ERROR;
				GCC_WARN_UNDECLARED_SELECTOR = YES;
				GCC_WARN_UNINITIALIZED_AUTOS = YES_AGGRESSIVE;
				GCC_WARN_UNUSED_FUNCTION = YES;
				GCC_WARN_UNUSED_VARIABLE = YES;
				IPHONEOS_DEPLOYMENT_TARGET = 13.2;
				MTL_ENABLE_DEBUG_INFO = INCLUDE_SOURCE;
				MTL_FAST_MATH = YES;
				ONLY_ACTIVE_ARCH = YES;
				SDKROOT = iphoneos;
				SWIFT_ACTIVE_COMPILATION_CONDITIONS = DEBUG;
				SWIFT_OPTIMIZATION_LEVEL = "-Onone";
			};
			name = Debug;
		};
		2AA6F5AC239DF1F400DF0FE4 /* Release */ = {
			isa = XCBuildConfiguration;
			buildSettings = {
				ALWAYS_SEARCH_USER_PATHS = NO;
				CLANG_ANALYZER_NONNULL = YES;
				CLANG_ANALYZER_NUMBER_OBJECT_CONVERSION = YES_AGGRESSIVE;
				CLANG_CXX_LANGUAGE_STANDARD = "gnu++14";
				CLANG_CXX_LIBRARY = "libc++";
				CLANG_ENABLE_MODULES = YES;
				CLANG_ENABLE_OBJC_ARC = YES;
				CLANG_ENABLE_OBJC_WEAK = YES;
				CLANG_WARN_BLOCK_CAPTURE_AUTORELEASING = YES;
				CLANG_WARN_BOOL_CONVERSION = YES;
				CLANG_WARN_COMMA = YES;
				CLANG_WARN_CONSTANT_CONVERSION = YES;
				CLANG_WARN_DEPRECATED_OBJC_IMPLEMENTATIONS = YES;
				CLANG_WARN_DIRECT_OBJC_ISA_USAGE = YES_ERROR;
				CLANG_WARN_DOCUMENTATION_COMMENTS = YES;
				CLANG_WARN_EMPTY_BODY = YES;
				CLANG_WARN_ENUM_CONVERSION = YES;
				CLANG_WARN_INFINITE_RECURSION = YES;
				CLANG_WARN_INT_CONVERSION = YES;
				CLANG_WARN_NON_LITERAL_NULL_CONVERSION = YES;
				CLANG_WARN_OBJC_IMPLICIT_RETAIN_SELF = YES;
				CLANG_WARN_OBJC_LITERAL_CONVERSION = YES;
				CLANG_WARN_OBJC_ROOT_CLASS = YES_ERROR;
				CLANG_WARN_RANGE_LOOP_ANALYSIS = YES;
				CLANG_WARN_STRICT_PROTOTYPES = YES;
				CLANG_WARN_SUSPICIOUS_MOVE = YES;
				CLANG_WARN_UNGUARDED_AVAILABILITY = YES_AGGRESSIVE;
				CLANG_WARN_UNREACHABLE_CODE = YES;
				CLANG_WARN__DUPLICATE_METHOD_MATCH = YES;
				COPY_PHASE_STRIP = NO;
				DEBUG_INFORMATION_FORMAT = "dwarf-with-dsym";
				ENABLE_NS_ASSERTIONS = NO;
				ENABLE_STRICT_OBJC_MSGSEND = YES;
				GCC_C_LANGUAGE_STANDARD = gnu11;
				GCC_NO_COMMON_BLOCKS = YES;
				GCC_WARN_64_TO_32_BIT_CONVERSION = YES;
				GCC_WARN_ABOUT_RETURN_TYPE = YES_ERROR;
				GCC_WARN_UNDECLARED_SELECTOR = YES;
				GCC_WARN_UNINITIALIZED_AUTOS = YES_AGGRESSIVE;
				GCC_WARN_UNUSED_FUNCTION = YES;
				GCC_WARN_UNUSED_VARIABLE = YES;
				IPHONEOS_DEPLOYMENT_TARGET = 13.2;
				MTL_ENABLE_DEBUG_INFO = NO;
				MTL_FAST_MATH = YES;
				SDKROOT = iphoneos;
				SWIFT_COMPILATION_MODE = wholemodule;
				SWIFT_OPTIMIZATION_LEVEL = "-O";
				VALIDATE_PRODUCT = YES;
			};
			name = Release;
		};
		2AA6F5AE239DF1F400DF0FE4 /* Debug */ = {
			isa = XCBuildConfiguration;
			buildSettings = {
				ASSETCATALOG_COMPILER_APPICON_NAME = AppIcon;
				CODE_SIGN_STYLE = Automatic;
				CURRENT_PROJECT_VERSION = 2;
				DEVELOPMENT_TEAM = 4879TTCN72;
				INFOPLIST_FILE = "$(SRCROOT)/MyResume/Info.plist";
				LD_RUNPATH_SEARCH_PATHS = (
					"$(inherited)",
					"@executable_path/Frameworks",
				);
				MARKETING_VERSION = 2.0;
				PRODUCT_BUNDLE_IDENTIFIER = com.magicaltomato.MyResume;
				PRODUCT_NAME = "My Resume";
				SWIFT_VERSION = 5.0;
				TARGETED_DEVICE_FAMILY = 1;
			};
			name = Debug;
		};
		2AA6F5AF239DF1F400DF0FE4 /* Release */ = {
			isa = XCBuildConfiguration;
			buildSettings = {
				ASSETCATALOG_COMPILER_APPICON_NAME = AppIcon;
				CODE_SIGN_STYLE = Automatic;
				CURRENT_PROJECT_VERSION = 2;
				DEVELOPMENT_TEAM = 4879TTCN72;
				INFOPLIST_FILE = "$(SRCROOT)/MyResume/Info.plist";
				LD_RUNPATH_SEARCH_PATHS = (
					"$(inherited)",
					"@executable_path/Frameworks",
				);
				MARKETING_VERSION = 2.0;
				PRODUCT_BUNDLE_IDENTIFIER = com.magicaltomato.MyResume;
				PRODUCT_NAME = "My Resume";
				SWIFT_VERSION = 5.0;
				TARGETED_DEVICE_FAMILY = 1;
			};
			name = Release;
		};
/* End XCBuildConfiguration section */

/* Begin XCConfigurationList section */
		2AA6F594239DF1F200DF0FE4 /* Build configuration list for PBXProject "MyResume" */ = {
			isa = XCConfigurationList;
			buildConfigurations = (
				2AA6F5AB239DF1F400DF0FE4 /* Debug */,
				2AA6F5AC239DF1F400DF0FE4 /* Release */,
			);
			defaultConfigurationIsVisible = 0;
			defaultConfigurationName = Release;
		};
		2AA6F5AD239DF1F400DF0FE4 /* Build configuration list for PBXNativeTarget "MyResume" */ = {
			isa = XCConfigurationList;
			buildConfigurations = (
				2AA6F5AE239DF1F400DF0FE4 /* Debug */,
				2AA6F5AF239DF1F400DF0FE4 /* Release */,
			);
			defaultConfigurationIsVisible = 0;
			defaultConfigurationName = Release;
		};
/* End XCConfigurationList section */

/* Begin XCVersionGroup section */
		2A75972A249892F800AFC403 /* Resume.xcdatamodeld */ = {
			isa = XCVersionGroup;
			children = (
				2A75972B249892F800AFC403 /* Resume.xcdatamodel */,
			);
			currentVersion = 2A75972B249892F800AFC403 /* Resume.xcdatamodel */;
			path = Resume.xcdatamodeld;
			sourceTree = "<group>";
			versionGroupType = wrapper.xcdatamodel;
		};
/* End XCVersionGroup section */
	};
	rootObject = 2AA6F591239DF1F200DF0FE4 /* Project object */;
}
